
Microsoft Visual Studio Solution File, Format Version 12.00
# Visual Studio Version 17
VisualStudioVersion = 17.5.33516.290
MinimumVisualStudioVersion = 10.0.40219.1
Project("{FAE04EC0-301F-11D3-BF4B-00C04F79EFBC}") = "TestApp", "TestApp\TestApp.csproj", "{C9D4C2BC-D4AA-4CAC-862C-D18E1C94E703}"
EndProject
Project("{FAE04EC0-301F-11D3-BF4B-00C04F79EFBC}") = "TestApp.Test", "TestApp.Test\TestApp.Test.csproj", "{BCBBFD02-DA06-4CF8-83EB-F49BBEC137BC}"
EndProject
Global
	GlobalSection(SolutionConfigurationPlatforms) = preSolution
		Debug|Any CPU = Debug|Any CPU
		Release|Any CPU = Release|Any CPU
	EndGlobalSection
	GlobalSection(ProjectConfigurationPlatforms) = postSolution
		{C9D4C2BC-D4AA-4CAC-862C-D18E1C94E703}.Debug|Any CPU.ActiveCfg = Debug|Any CPU
		{C9D4C2BC-D4AA-4CAC-862C-D18E1C94E703}.Debug|Any CPU.Build.0 = Debug|Any CPU
		{C9D4C2BC-D4AA-4CAC-862C-D18E1C94E703}.Release|Any CPU.ActiveCfg = Release|Any CPU
		{C9D4C2BC-D4AA-4CAC-862C-D18E1C94E703}.Release|Any CPU.Build.0 = Release|Any CPU
		{BCBBFD02-DA06-4CF8-83EB-F49BBEC137BC}.Debug|Any CPU.ActiveCfg = Debug|Any CPU
		{BCBBFD02-DA06-4CF8-83EB-F49BBEC137BC}.Debug|Any CPU.Build.0 = Debug|Any CPU
		{BCBBFD02-DA06-4CF8-83EB-F49BBEC137BC}.Release|Any CPU.ActiveCfg = Release|Any CPU
		{BCBBFD02-DA06-4CF8-83EB-F49BBEC137BC}.Release|Any CPU.Build.0 = Release|Any CPU
	EndGlobalSection
	GlobalSection(SolutionProperties) = preSolution
		HideSolutionNode = FALSE
	EndGlobalSection
	GlobalSection(ExtensibilityGlobals) = postSolution
		SolutionGuid = {C9DD7CE7-F1ED-43F2-AD51-94B9BA9695DF}
	EndGlobalSection
EndGlobal
